
Microsoft Visual Studio Solution File, Format Version 12.00
# Visual Studio 14
VisualStudioVersion = 14.0.25420.1
MinimumVisualStudioVersion = 10.0.40219.1
Project("{FAE04EC0-301F-11D3-BF4B-00C04F79EFBC}") = "HelloWorld", "HelloWorld\HelloWorld\HelloWorld.csproj", "{E7782C54-B2B2-492C-B1F9-E51FF47558F1}"
EndProject
Project("{FAE04EC0-301F-11D3-BF4B-00C04F79EFBC}") = "HelloWorld.Droid", "HelloWorld\HelloWorld.Droid\HelloWorld.Droid.csproj", "{9C16751A-ADD8-4CBC-8282-EA59CD6E62C2}"
EndProject
Project("{FAE04EC0-301F-11D3-BF4B-00C04F79EFBC}") = "HelloWorld.iOS", "HelloWorld\HelloWorld.iOS\HelloWorld.iOS.csproj", "{BFD44C64-6E1A-4F84-A6A1-052F87B949CD}"
EndProject
Global
	GlobalSection(SolutionConfigurationPlatforms) = preSolution
		Ad-Hoc|Any CPU = Ad-Hoc|Any CPU
		Ad-Hoc|iPhone = Ad-Hoc|iPhone
		Ad-Hoc|iPhoneSimulator = Ad-Hoc|iPhoneSimulator
		AppStore|Any CPU = AppStore|Any CPU
		AppStore|iPhone = AppStore|iPhone
		AppStore|iPhoneSimulator = AppStore|iPhoneSimulator
		Debug|Any CPU = Debug|Any CPU
		Debug|iPhone = Debug|iPhone
		Debug|iPhoneSimulator = Debug|iPhoneSimulator
		Release|Any CPU = Release|Any CPU
		Release|iPhone = Release|iPhone
		Release|iPhoneSimulator = Release|iPhoneSimulator
	EndGlobalSection
	GlobalSection(ProjectConfigurationPlatforms) = postSolution
		{E7782C54-B2B2-492C-B1F9-E51FF47558F1}.Ad-Hoc|Any CPU.ActiveCfg = Release|Any CPU
		{E7782C54-B2B2-492C-B1F9-E51FF47558F1}.Ad-Hoc|Any CPU.Build.0 = Release|Any CPU
		{E7782C54-B2B2-492C-B1F9-E51FF47558F1}.Ad-Hoc|iPhone.ActiveCfg = Release|Any CPU
		{E7782C54-B2B2-492C-B1F9-E51FF47558F1}.Ad-Hoc|iPhone.Build.0 = Release|Any CPU
		{E7782C54-B2B2-492C-B1F9-E51FF47558F1}.Ad-Hoc|iPhoneSimulator.ActiveCfg = Release|Any CPU
		{E7782C54-B2B2-492C-B1F9-E51FF47558F1}.Ad-Hoc|iPhoneSimulator.Build.0 = Release|Any CPU
		{E7782C54-B2B2-492C-B1F9-E51FF47558F1}.AppStore|Any CPU.ActiveCfg = Release|Any CPU
		{E7782C54-B2B2-492C-B1F9-E51FF47558F1}.AppStore|Any CPU.Build.0 = Release|Any CPU
		{E7782C54-B2B2-492C-B1F9-E51FF47558F1}.AppStore|iPhone.ActiveCfg = Release|Any CPU
		{E7782C54-B2B2-492C-B1F9-E51FF47558F1}.AppStore|iPhone.Build.0 = Release|Any CPU
		{E7782C54-B2B2-492C-B1F9-E51FF47558F1}.AppStore|iPhoneSimulator.ActiveCfg = Release|Any CPU
		{E7782C54-B2B2-492C-B1F9-E51FF47558F1}.AppStore|iPhoneSimulator.Build.0 = Release|Any CPU
		{E7782C54-B2B2-492C-B1F9-E51FF47558F1}.Debug|Any CPU.ActiveCfg = Debug|Any CPU
		{E7782C54-B2B2-492C-B1F9-E51FF47558F1}.Debug|Any CPU.Build.0 = Debug|Any CPU
		{E7782C54-B2B2-492C-B1F9-E51FF47558F1}.Debug|iPhone.ActiveCfg = Debug|Any CPU
		{E7782C54-B2B2-492C-B1F9-E51FF47558F1}.Debug|iPhone.Build.0 = Debug|Any CPU
		{E7782C54-B2B2-492C-B1F9-E51FF47558F1}.Debug|iPhoneSimulator.ActiveCfg = Debug|Any CPU
		{E7782C54-B2B2-492C-B1F9-E51FF47558F1}.Debug|iPhoneSimulator.Build.0 = Debug|Any CPU
		{E7782C54-B2B2-492C-B1F9-E51FF47558F1}.Release|Any CPU.ActiveCfg = Release|Any CPU
		{E7782C54-B2B2-492C-B1F9-E51FF47558F1}.Release|Any CPU.Build.0 = Release|Any CPU
		{E7782C54-B2B2-492C-B1F9-E51FF47558F1}.Release|iPhone.ActiveCfg = Release|Any CPU
		{E7782C54-B2B2-492C-B1F9-E51FF47558F1}.Release|iPhone.Build.0 = Release|Any CPU
		{E7782C54-B2B2-492C-B1F9-E51FF47558F1}.Release|iPhoneSimulator.ActiveCfg = Release|Any CPU
		{E7782C54-B2B2-492C-B1F9-E51FF47558F1}.Release|iPhoneSimulator.Build.0 = Release|Any CPU
		{9C16751A-ADD8-4CBC-8282-EA59CD6E62C2}.Ad-Hoc|Any CPU.ActiveCfg = Release|Any CPU
		{9C16751A-ADD8-4CBC-8282-EA59CD6E62C2}.Ad-Hoc|Any CPU.Build.0 = Release|Any CPU
		{9C16751A-ADD8-4CBC-8282-EA59CD6E62C2}.Ad-Hoc|Any CPU.Deploy.0 = Release|Any CPU
		{9C16751A-ADD8-4CBC-8282-EA59CD6E62C2}.Ad-Hoc|iPhone.ActiveCfg = Release|Any CPU
		{9C16751A-ADD8-4CBC-8282-EA59CD6E62C2}.Ad-Hoc|iPhone.Build.0 = Release|Any CPU
		{9C16751A-ADD8-4CBC-8282-EA59CD6E62C2}.Ad-Hoc|iPhone.Deploy.0 = Release|Any CPU
		{9C16751A-ADD8-4CBC-8282-EA59CD6E62C2}.Ad-Hoc|iPhoneSimulator.ActiveCfg = Release|Any CPU
		{9C16751A-ADD8-4CBC-8282-EA59CD6E62C2}.Ad-Hoc|iPhoneSimulator.Build.0 = Release|Any CPU
		{9C16751A-ADD8-4CBC-8282-EA59CD6E62C2}.Ad-Hoc|iPhoneSimulator.Deploy.0 = Release|Any CPU
		{9C16751A-ADD8-4CBC-8282-EA59CD6E62C2}.AppStore|Any CPU.ActiveCfg = Release|Any CPU
		{9C16751A-ADD8-4CBC-8282-EA59CD6E62C2}.AppStore|Any CPU.Build.0 = Release|Any CPU
		{9C16751A-ADD8-4CBC-8282-EA59CD6E62C2}.AppStore|Any CPU.Deploy.0 = Release|Any CPU
		{9C16751A-ADD8-4CBC-8282-EA59CD6E62C2}.AppStore|iPhone.ActiveCfg = Release|Any CPU
		{9C16751A-ADD8-4CBC-8282-EA59CD6E62C2}.AppStore|iPhone.Build.0 = Release|Any CPU
		{9C16751A-ADD8-4CBC-8282-EA59CD6E62C2}.AppStore|iPhone.Deploy.0 = Release|Any CPU
		{9C16751A-ADD8-4CBC-8282-EA59CD6E62C2}.AppStore|iPhoneSimulator.ActiveCfg = Release|Any CPU
		{9C16751A-ADD8-4CBC-8282-EA59CD6E62C2}.AppStore|iPhoneSimulator.Build.0 = Release|Any CPU
		{9C16751A-ADD8-4CBC-8282-EA59CD6E62C2}.AppStore|iPhoneSimulator.Deploy.0 = Release|Any CPU
		{9C16751A-ADD8-4CBC-8282-EA59CD6E62C2}.Debug|Any CPU.ActiveCfg = Debug|Any CPU
		{9C16751A-ADD8-4CBC-8282-EA59CD6E62C2}.Debug|Any CPU.Build.0 = Debug|Any CPU
		{9C16751A-ADD8-4CBC-8282-EA59CD6E62C2}.Debug|Any CPU.Deploy.0 = Debug|Any CPU
		{9C16751A-ADD8-4CBC-8282-EA59CD6E62C2}.Debug|iPhone.ActiveCfg = Debug|Any CPU
		{9C16751A-ADD8-4CBC-8282-EA59CD6E62C2}.Debug|iPhone.Build.0 = Debug|Any CPU
		{9C16751A-ADD8-4CBC-8282-EA59CD6E62C2}.Debug|iPhone.Deploy.0 = Debug|Any CPU
		{9C16751A-ADD8-4CBC-8282-EA59CD6E62C2}.Debug|iPhoneSimulator.ActiveCfg = Debug|Any CPU
		{9C16751A-ADD8-4CBC-8282-EA59CD6E62C2}.Debug|iPhoneSimulator.Build.0 = Debug|Any CPU
		{9C16751A-ADD8-4CBC-8282-EA59CD6E62C2}.Debug|iPhoneSimulator.Deploy.0 = Debug|Any CPU
		{9C16751A-ADD8-4CBC-8282-EA59CD6E62C2}.Release|Any CPU.ActiveCfg = Release|Any CPU
		{9C16751A-ADD8-4CBC-8282-EA59CD6E62C2}.Release|Any CPU.Build.0 = Release|Any CPU
		{9C16751A-ADD8-4CBC-8282-EA59CD6E62C2}.Release|Any CPU.Deploy.0 = Release|Any CPU
		{9C16751A-ADD8-4CBC-8282-EA59CD6E62C2}.Release|iPhone.ActiveCfg = Release|Any CPU
		{9C16751A-ADD8-4CBC-8282-EA59CD6E62C2}.Release|iPhone.Build.0 = Release|Any CPU
		{9C16751A-ADD8-4CBC-8282-EA59CD6E62C2}.Release|iPhone.Deploy.0 = Release|Any CPU
		{9C16751A-ADD8-4CBC-8282-EA59CD6E62C2}.Release|iPhoneSimulator.ActiveCfg = Release|Any CPU
		{9C16751A-ADD8-4CBC-8282-EA59CD6E62C2}.Release|iPhoneSimulator.Build.0 = Release|Any CPU
		{9C16751A-ADD8-4CBC-8282-EA59CD6E62C2}.Release|iPhoneSimulator.Deploy.0 = Release|Any CPU
		{BFD44C64-6E1A-4F84-A6A1-052F87B949CD}.Ad-Hoc|Any CPU.ActiveCfg = Ad-Hoc|iPhone
		{BFD44C64-6E1A-4F84-A6A1-052F87B949CD}.Ad-Hoc|iPhone.ActiveCfg = Ad-Hoc|iPhone
		{BFD44C64-6E1A-4F84-A6A1-052F87B949CD}.Ad-Hoc|iPhone.Build.0 = Ad-Hoc|iPhone
		{BFD44C64-6E1A-4F84-A6A1-052F87B949CD}.Ad-Hoc|iPhoneSimulator.ActiveCfg = Ad-Hoc|iPhoneSimulator
		{BFD44C64-6E1A-4F84-A6A1-052F87B949CD}.Ad-Hoc|iPhoneSimulator.Build.0 = Ad-Hoc|iPhoneSimulator
		{BFD44C64-6E1A-4F84-A6A1-052F87B949CD}.AppStore|Any CPU.ActiveCfg = AppStore|iPhone
		{BFD44C64-6E1A-4F84-A6A1-052F87B949CD}.AppStore|iPhone.ActiveCfg = AppStore|iPhone
		{BFD44C64-6E1A-4F84-A6A1-052F87B949CD}.AppStore|iPhone.Build.0 = AppStore|iPhone
		{BFD44C64-6E1A-4F84-A6A1-052F87B949CD}.AppStore|iPhoneSimulator.ActiveCfg = AppStore|iPhoneSimulator
		{BFD44C64-6E1A-4F84-A6A1-052F87B949CD}.AppStore|iPhoneSimulator.Build.0 = AppStore|iPhoneSimulator
		{BFD44C64-6E1A-4F84-A6A1-052F87B949CD}.Debug|Any CPU.ActiveCfg = Debug|iPhone
		{BFD44C64-6E1A-4F84-A6A1-052F87B949CD}.Debug|iPhone.ActiveCfg = Debug|iPhone
		{BFD44C64-6E1A-4F84-A6A1-052F87B949CD}.Debug|iPhone.Build.0 = Debug|iPhone
		{BFD44C64-6E1A-4F84-A6A1-052F87B949CD}.Debug|iPhoneSimulator.ActiveCfg = Debug|iPhoneSimulator
		{BFD44C64-6E1A-4F84-A6A1-052F87B949CD}.Debug|iPhoneSimulator.Build.0 = Debug|iPhoneSimulator
		{BFD44C64-6E1A-4F84-A6A1-052F87B949CD}.Release|Any CPU.ActiveCfg = Release|iPhone
		{BFD44C64-6E1A-4F84-A6A1-052F87B949CD}.Release|iPhone.ActiveCfg = Release|iPhone
		{BFD44C64-6E1A-4F84-A6A1-052F87B949CD}.Release|iPhone.Build.0 = Release|iPhone
		{BFD44C64-6E1A-4F84-A6A1-052F87B949CD}.Release|iPhoneSimulator.ActiveCfg = Release|iPhoneSimulator
		{BFD44C64-6E1A-4F84-A6A1-052F87B949CD}.Release|iPhoneSimulator.Build.0 = Release|iPhoneSimulator
	EndGlobalSection
	GlobalSection(SolutionProperties) = preSolution
		HideSolutionNode = FALSE
	EndGlobalSection
EndGlobal
